// !$*UTF8*$!
{
	archiveVersion = 1;
	classes = {
	};
	objectVersion = 56;
	objects = {

/* Begin PBXBuildFile section */
		FB0C5D412B47E46C00141EFC /* GoogleService-Info.plist in Resources */ = {isa = PBXBuildFile; fileRef = FB0C5D402B47E46C00141EFC /* GoogleService-Info.plist */; };
		FB0C5D442B48233500141EFC /* MessageKit in Frameworks */ = {isa = PBXBuildFile; productRef = FB0C5D432B48233500141EFC /* MessageKit */; settings = {ATTRIBUTES = (Required, ); }; };
		FB0C5D4A2B48342300141EFC /* Realm in Frameworks */ = {isa = PBXBuildFile; productRef = FB0C5D492B48342300141EFC /* Realm */; };
		FB0C5D4C2B48342300141EFC /* RealmSwift in Frameworks */ = {isa = PBXBuildFile; productRef = FB0C5D4B2B48342300141EFC /* RealmSwift */; };
		FB0C5D4F2B4839D700141EFC /* JGProgressHUD in Frameworks */ = {isa = PBXBuildFile; productRef = FB0C5D4E2B4839D700141EFC /* JGProgressHUD */; };
		FB0C5D522B483ABC00141EFC /* SDWebImage in Frameworks */ = {isa = PBXBuildFile; productRef = FB0C5D512B483ABC00141EFC /* SDWebImage */; };
		FB0C5D542B483ABC00141EFC /* SDWebImageMapKit in Frameworks */ = {isa = PBXBuildFile; productRef = FB0C5D532B483ABC00141EFC /* SDWebImageMapKit */; };
		FB0C5D562B48A35600141EFC /* ChatViewController.swift in Sources */ = {isa = PBXBuildFile; fileRef = FB0C5D552B48A35600141EFC /* ChatViewController.swift */; };
		FB1268E22B01FFA000CE482D /* FirebaseAnalytics in Frameworks */ = {isa = PBXBuildFile; productRef = FB1268E12B01FFA000CE482D /* FirebaseAnalytics */; };
		FB1268E42B01FFA000CE482D /* FirebaseAnalyticsOnDeviceConversion in Frameworks */ = {isa = PBXBuildFile; productRef = FB1268E32B01FFA000CE482D /* FirebaseAnalyticsOnDeviceConversion */; };
		FB1268E62B01FFA000CE482D /* FirebaseAnalyticsSwift in Frameworks */ = {isa = PBXBuildFile; productRef = FB1268E52B01FFA000CE482D /* FirebaseAnalyticsSwift */; };
		FB1268E82B01FFA000CE482D /* FirebaseAnalyticsWithoutAdIdSupport in Frameworks */ = {isa = PBXBuildFile; productRef = FB1268E72B01FFA000CE482D /* FirebaseAnalyticsWithoutAdIdSupport */; };
		FB1268EA2B01FFA000CE482D /* FirebaseAppCheck in Frameworks */ = {isa = PBXBuildFile; productRef = FB1268E92B01FFA000CE482D /* FirebaseAppCheck */; };
		FB1268EC2B01FFA000CE482D /* FirebaseAppDistribution-Beta in Frameworks */ = {isa = PBXBuildFile; productRef = FB1268EB2B01FFA000CE482D /* FirebaseAppDistribution-Beta */; };
		FB1268EE2B01FFA000CE482D /* FirebaseAuth in Frameworks */ = {isa = PBXBuildFile; productRef = FB1268ED2B01FFA000CE482D /* FirebaseAuth */; };
		FB1268F02B01FFA000CE482D /* FirebaseAuthCombine-Community in Frameworks */ = {isa = PBXBuildFile; productRef = FB1268EF2B01FFA000CE482D /* FirebaseAuthCombine-Community */; };
		FB1268F22B01FFA000CE482D /* FirebaseCrashlytics in Frameworks */ = {isa = PBXBuildFile; productRef = FB1268F12B01FFA000CE482D /* FirebaseCrashlytics */; };
		FB1268F42B01FFA000CE482D /* FirebaseDatabase in Frameworks */ = {isa = PBXBuildFile; productRef = FB1268F32B01FFA000CE482D /* FirebaseDatabase */; };
		FB1268F62B01FFA000CE482D /* FirebaseDatabaseSwift in Frameworks */ = {isa = PBXBuildFile; productRef = FB1268F52B01FFA000CE482D /* FirebaseDatabaseSwift */; };
		FB1268F82B01FFA000CE482D /* FirebaseDynamicLinks in Frameworks */ = {isa = PBXBuildFile; productRef = FB1268F72B01FFA000CE482D /* FirebaseDynamicLinks */; };
		FB1268FA2B01FFA000CE482D /* FirebaseFirestore in Frameworks */ = {isa = PBXBuildFile; productRef = FB1268F92B01FFA000CE482D /* FirebaseFirestore */; };
		FB1268FC2B01FFA000CE482D /* FirebaseFirestoreCombine-Community in Frameworks */ = {isa = PBXBuildFile; productRef = FB1268FB2B01FFA000CE482D /* FirebaseFirestoreCombine-Community */; };
		FB1268FE2B01FFA000CE482D /* FirebaseFirestoreSwift in Frameworks */ = {isa = PBXBuildFile; productRef = FB1268FD2B01FFA000CE482D /* FirebaseFirestoreSwift */; };
		FB1269002B01FFA000CE482D /* FirebaseFunctions in Frameworks */ = {isa = PBXBuildFile; productRef = FB1268FF2B01FFA000CE482D /* FirebaseFunctions */; };
		FB1269022B01FFA000CE482D /* FirebaseFunctionsCombine-Community in Frameworks */ = {isa = PBXBuildFile; productRef = FB1269012B01FFA000CE482D /* FirebaseFunctionsCombine-Community */; };
		FB1269042B01FFA000CE482D /* FirebaseInAppMessaging-Beta in Frameworks */ = {isa = PBXBuildFile; productRef = FB1269032B01FFA000CE482D /* FirebaseInAppMessaging-Beta */; };
		FB1269062B01FFA000CE482D /* FirebaseInAppMessagingSwift-Beta in Frameworks */ = {isa = PBXBuildFile; productRef = FB1269052B01FFA000CE482D /* FirebaseInAppMessagingSwift-Beta */; };
		FB1269082B01FFA000CE482D /* FirebaseInstallations in Frameworks */ = {isa = PBXBuildFile; productRef = FB1269072B01FFA000CE482D /* FirebaseInstallations */; };
		FB12690A2B01FFA000CE482D /* FirebaseMLModelDownloader in Frameworks */ = {isa = PBXBuildFile; productRef = FB1269092B01FFA000CE482D /* FirebaseMLModelDownloader */; };
		FB12690C2B01FFA000CE482D /* FirebaseMessaging in Frameworks */ = {isa = PBXBuildFile; productRef = FB12690B2B01FFA000CE482D /* FirebaseMessaging */; };
		FB12690E2B01FFA000CE482D /* FirebasePerformance in Frameworks */ = {isa = PBXBuildFile; productRef = FB12690D2B01FFA000CE482D /* FirebasePerformance */; };
		FB1269102B01FFA000CE482D /* FirebaseRemoteConfig in Frameworks */ = {isa = PBXBuildFile; productRef = FB12690F2B01FFA000CE482D /* FirebaseRemoteConfig */; };
		FB1269122B01FFA000CE482D /* FirebaseRemoteConfigSwift in Frameworks */ = {isa = PBXBuildFile; productRef = FB1269112B01FFA000CE482D /* FirebaseRemoteConfigSwift */; };
		FB1269142B01FFA000CE482D /* FirebaseStorage in Frameworks */ = {isa = PBXBuildFile; productRef = FB1269132B01FFA000CE482D /* FirebaseStorage */; };
		FB1269162B01FFA000CE482D /* FirebaseStorageCombine-Community in Frameworks */ = {isa = PBXBuildFile; productRef = FB1269152B01FFA000CE482D /* FirebaseStorageCombine-Community */; };
		FB12691E2B020AA100CE482D /* LoginViewController.swift in Sources */ = {isa = PBXBuildFile; fileRef = FB12691D2B020AA100CE482D /* LoginViewController.swift */; };
		FB1269202B020B4200CE482D /* RegisterViewController.swift in Sources */ = {isa = PBXBuildFile; fileRef = FB12691F2B020B4200CE482D /* RegisterViewController.swift */; };
		FB1269222B020B6600CE482D /* PhotoViewerViewController.swift in Sources */ = {isa = PBXBuildFile; fileRef = FB1269212B020B6600CE482D /* PhotoViewerViewController.swift */; };
		FB1269242B020B7600CE482D /* VideoPlayerViewController.swift in Sources */ = {isa = PBXBuildFile; fileRef = FB1269232B020B7600CE482D /* VideoPlayerViewController.swift */; };
		FB1269262B020B9200CE482D /* NewConversaitonViewController.swift in Sources */ = {isa = PBXBuildFile; fileRef = FB1269252B020B9200CE482D /* NewConversaitonViewController.swift */; };
		FB1269282B020BAB00CE482D /* ProfileViewController.swift in Sources */ = {isa = PBXBuildFile; fileRef = FB1269272B020BAB00CE482D /* ProfileViewController.swift */; };
		FB12692B2B021C8D00CE482D /* Extensions.swift in Sources */ = {isa = PBXBuildFile; fileRef = FB12692A2B021C8D00CE482D /* Extensions.swift */; };
		FB1DE2B32AFF81C700050355 /* AppDelegate.swift in Sources */ = {isa = PBXBuildFile; fileRef = FB1DE2B22AFF81C700050355 /* AppDelegate.swift */; };
		FB1DE2B52AFF81C700050355 /* SceneDelegate.swift in Sources */ = {isa = PBXBuildFile; fileRef = FB1DE2B42AFF81C700050355 /* SceneDelegate.swift */; };
		FB1DE2B72AFF81C700050355 /* ConversationsViewController.swift in Sources */ = {isa = PBXBuildFile; fileRef = FB1DE2B62AFF81C700050355 /* ConversationsViewController.swift */; };
		FB1DE2BA2AFF81C700050355 /* Main.storyboard in Resources */ = {isa = PBXBuildFile; fileRef = FB1DE2B82AFF81C700050355 /* Main.storyboard */; };
		FB1DE2BC2AFF81C800050355 /* Assets.xcassets in Resources */ = {isa = PBXBuildFile; fileRef = FB1DE2BB2AFF81C800050355 /* Assets.xcassets */; };
		FB1DE2BF2AFF81C800050355 /* LaunchScreen.storyboard in Resources */ = {isa = PBXBuildFile; fileRef = FB1DE2BD2AFF81C800050355 /* LaunchScreen.storyboard */; };
		FB4032AA2B2F8290008E50DE /* DatabaseManager.swift in Sources */ = {isa = PBXBuildFile; fileRef = FB4032A92B2F8290008E50DE /* DatabaseManager.swift */; };
		FB4913C72BD004830045F55A /* NewConversationCell.swift in Sources */ = {isa = PBXBuildFile; fileRef = FB4913C62BD004830045F55A /* NewConversationCell.swift */; };
		FBE059B22BFE00420097A15A /* LocationPickerViewController.swift in Sources */ = {isa = PBXBuildFile; fileRef = FBE059B12BFE00420097A15A /* LocationPickerViewController.swift */; };
		FBE3549F2B4ABD5A00DC177B /* StorageManager.swift in Sources */ = {isa = PBXBuildFile; fileRef = FBE3549E2B4ABD5A00DC177B /* StorageManager.swift */; };
		FBE649E32B90896200AE3FA9 /* ConversationTableViewCell.swift in Sources */ = {isa = PBXBuildFile; fileRef = FBE649E22B90896200AE3FA9 /* ConversationTableViewCell.swift */; };
/* End PBXBuildFile section */

/* Begin PBXFileReference section */
		FB0C5D402B47E46C00141EFC /* GoogleService-Info.plist */ = {isa = PBXFileReference; fileEncoding = 4; lastKnownFileType = text.plist.xml; path = "GoogleService-Info.plist"; sourceTree = "<group>"; };
		FB0C5D552B48A35600141EFC /* ChatViewController.swift */ = {isa = PBXFileReference; lastKnownFileType = sourcecode.swift; path = ChatViewController.swift; sourceTree = "<group>"; };
		FB12691D2B020AA100CE482D /* LoginViewController.swift */ = {isa = PBXFileReference; lastKnownFileType = sourcecode.swift; path = LoginViewController.swift; sourceTree = "<group>"; };
		FB12691F2B020B4200CE482D /* RegisterViewController.swift */ = {isa = PBXFileReference; lastKnownFileType = sourcecode.swift; path = RegisterViewController.swift; sourceTree = "<group>"; };
		FB1269212B020B6600CE482D /* PhotoViewerViewController.swift */ = {isa = PBXFileReference; lastKnownFileType = sourcecode.swift; path = PhotoViewerViewController.swift; sourceTree = "<group>"; };
		FB1269232B020B7600CE482D /* VideoPlayerViewController.swift */ = {isa = PBXFileReference; lastKnownFileType = sourcecode.swift; path = VideoPlayerViewController.swift; sourceTree = "<group>"; };
		FB1269252B020B9200CE482D /* NewConversaitonViewController.swift */ = {isa = PBXFileReference; lastKnownFileType = sourcecode.swift; path = NewConversaitonViewController.swift; sourceTree = "<group>"; };
		FB1269272B020BAB00CE482D /* ProfileViewController.swift */ = {isa = PBXFileReference; lastKnownFileType = sourcecode.swift; path = ProfileViewController.swift; sourceTree = "<group>"; };
		FB12692A2B021C8D00CE482D /* Extensions.swift */ = {isa = PBXFileReference; lastKnownFileType = sourcecode.swift; path = Extensions.swift; sourceTree = "<group>"; };
		FB1DE2AF2AFF81C700050355 /* ChatsUp.app */ = {isa = PBXFileReference; explicitFileType = wrapper.application; includeInIndex = 0; path = ChatsUp.app; sourceTree = BUILT_PRODUCTS_DIR; };
		FB1DE2B22AFF81C700050355 /* AppDelegate.swift */ = {isa = PBXFileReference; lastKnownFileType = sourcecode.swift; path = AppDelegate.swift; sourceTree = "<group>"; };
		FB1DE2B42AFF81C700050355 /* SceneDelegate.swift */ = {isa = PBXFileReference; lastKnownFileType = sourcecode.swift; path = SceneDelegate.swift; sourceTree = "<group>"; };
		FB1DE2B62AFF81C700050355 /* ConversationsViewController.swift */ = {isa = PBXFileReference; lastKnownFileType = sourcecode.swift; path = ConversationsViewController.swift; sourceTree = "<group>"; };
		FB1DE2B92AFF81C700050355 /* Base */ = {isa = PBXFileReference; lastKnownFileType = file.storyboard; name = Base; path = Base.lproj/Main.storyboard; sourceTree = "<group>"; };
		FB1DE2BB2AFF81C800050355 /* Assets.xcassets */ = {isa = PBXFileReference; lastKnownFileType = folder.assetcatalog; path = Assets.xcassets; sourceTree = "<group>"; };
		FB1DE2BE2AFF81C800050355 /* Base */ = {isa = PBXFileReference; lastKnownFileType = file.storyboard; name = Base; path = Base.lproj/LaunchScreen.storyboard; sourceTree = "<group>"; };
		FB1DE2C02AFF81C800050355 /* Info.plist */ = {isa = PBXFileReference; lastKnownFileType = text.plist.xml; path = Info.plist; sourceTree = "<group>"; };
		FB4032A92B2F8290008E50DE /* DatabaseManager.swift */ = {isa = PBXFileReference; lastKnownFileType = sourcecode.swift; path = DatabaseManager.swift; sourceTree = "<group>"; };
		FB4913C62BD004830045F55A /* NewConversationCell.swift */ = {isa = PBXFileReference; lastKnownFileType = sourcecode.swift; path = NewConversationCell.swift; sourceTree = "<group>"; };
		FBE059B12BFE00420097A15A /* LocationPickerViewController.swift */ = {isa = PBXFileReference; lastKnownFileType = sourcecode.swift; path = LocationPickerViewController.swift; sourceTree = "<group>"; };
		FBE3549E2B4ABD5A00DC177B /* StorageManager.swift */ = {isa = PBXFileReference; lastKnownFileType = sourcecode.swift; path = StorageManager.swift; sourceTree = "<group>"; };
		FBE649E22B90896200AE3FA9 /* ConversationTableViewCell.swift */ = {isa = PBXFileReference; lastKnownFileType = sourcecode.swift; path = ConversationTableViewCell.swift; sourceTree = "<group>"; };
/* End PBXFileReference section */

/* Begin PBXFrameworksBuildPhase section */
		FB1DE2AC2AFF81C700050355 /* Frameworks */ = {
			isa = PBXFrameworksBuildPhase;
			buildActionMask = 2147483647;
			files = (
				FB1268F42B01FFA000CE482D /* FirebaseDatabase in Frameworks */,
				FB1269022B01FFA000CE482D /* FirebaseFunctionsCombine-Community in Frameworks */,
				FB0C5D522B483ABC00141EFC /* SDWebImage in Frameworks */,
				FB1268FA2B01FFA000CE482D /* FirebaseFirestore in Frameworks */,
				FB0C5D442B48233500141EFC /* MessageKit in Frameworks */,
				FB1268E62B01FFA000CE482D /* FirebaseAnalyticsSwift in Frameworks */,
				FB1268E22B01FFA000CE482D /* FirebaseAnalytics in Frameworks */,
				FB0C5D542B483ABC00141EFC /* SDWebImageMapKit in Frameworks */,
				FB1268E42B01FFA000CE482D /* FirebaseAnalyticsOnDeviceConversion in Frameworks */,
				FB12690A2B01FFA000CE482D /* FirebaseMLModelDownloader in Frameworks */,
				FB1268FE2B01FFA000CE482D /* FirebaseFirestoreSwift in Frameworks */,
				FB0C5D4A2B48342300141EFC /* Realm in Frameworks */,
				FB1268EA2B01FFA000CE482D /* FirebaseAppCheck in Frameworks */,
				FB1268E82B01FFA000CE482D /* FirebaseAnalyticsWithoutAdIdSupport in Frameworks */,
				FB1268EE2B01FFA000CE482D /* FirebaseAuth in Frameworks */,
				FB1268F22B01FFA000CE482D /* FirebaseCrashlytics in Frameworks */,
				FB1269122B01FFA000CE482D /* FirebaseRemoteConfigSwift in Frameworks */,
				FB1269042B01FFA000CE482D /* FirebaseInAppMessaging-Beta in Frameworks */,
				FB1268F62B01FFA000CE482D /* FirebaseDatabaseSwift in Frameworks */,
				FB1269002B01FFA000CE482D /* FirebaseFunctions in Frameworks */,
				FB0C5D4C2B48342300141EFC /* RealmSwift in Frameworks */,
				FB1269162B01FFA000CE482D /* FirebaseStorageCombine-Community in Frameworks */,
				FB1269102B01FFA000CE482D /* FirebaseRemoteConfig in Frameworks */,
				FB1268EC2B01FFA000CE482D /* FirebaseAppDistribution-Beta in Frameworks */,
				FB1268F02B01FFA000CE482D /* FirebaseAuthCombine-Community in Frameworks */,
				FB12690E2B01FFA000CE482D /* FirebasePerformance in Frameworks */,
				FB1269062B01FFA000CE482D /* FirebaseInAppMessagingSwift-Beta in Frameworks */,
				FB1269142B01FFA000CE482D /* FirebaseStorage in Frameworks */,
				FB1268F82B01FFA000CE482D /* FirebaseDynamicLinks in Frameworks */,
				FB1268FC2B01FFA000CE482D /* FirebaseFirestoreCombine-Community in Frameworks */,
				FB12690C2B01FFA000CE482D /* FirebaseMessaging in Frameworks */,
				FB0C5D4F2B4839D700141EFC /* JGProgressHUD in Frameworks */,
				FB1269082B01FFA000CE482D /* FirebaseInstallations in Frameworks */,
			);
			runOnlyForDeploymentPostprocessing = 0;
		};
/* End PBXFrameworksBuildPhase section */

/* Begin PBXGroup section */
		FB1269172B02091500CE482D /* Controllers */ = {
			isa = PBXGroup;
			children = (
				FB1DE2B62AFF81C700050355 /* ConversationsViewController.swift */,
				FB1269292B020C3E00CE482D /* Login */,
				FB1269232B020B7600CE482D /* VideoPlayerViewController.swift */,
				FB1269252B020B9200CE482D /* NewConversaitonViewController.swift */,
				FB1269272B020BAB00CE482D /* ProfileViewController.swift */,
				FB1269212B020B6600CE482D /* PhotoViewerViewController.swift */,
				FB0C5D552B48A35600141EFC /* ChatViewController.swift */,
				FBE059B12BFE00420097A15A /* LocationPickerViewController.swift */,
			);
			path = Controllers;
			sourceTree = "<group>";
		};
		FB1269182B02092B00CE482D /* Views */ = {
			isa = PBXGroup;
			children = (
				FB1DE2BB2AFF81C800050355 /* Assets.xcassets */,
				FB12691C2B02099000CE482D /* Stroyboards */,
				FBE649E22B90896200AE3FA9 /* ConversationTableViewCell.swift */,
				FB4913C62BD004830045F55A /* NewConversationCell.swift */,
			);
			path = Views;
			sourceTree = "<group>";
		};
		FB1269192B02093200CE482D /* Models */ = {
			isa = PBXGroup;
			children = (
			);
			path = Models;
			sourceTree = "<group>";
		};
		FB12691A2B02093800CE482D /* ViewModels */ = {
			isa = PBXGroup;
			children = (
			);
			path = ViewModels;
			sourceTree = "<group>";
		};
		FB12691B2B02094E00CE482D /* Resources */ = {
			isa = PBXGroup;
			children = (
				FB1DE2B22AFF81C700050355 /* AppDelegate.swift */,
				FB1DE2B42AFF81C700050355 /* SceneDelegate.swift */,
				FB12692A2B021C8D00CE482D /* Extensions.swift */,
				FB4032A92B2F8290008E50DE /* DatabaseManager.swift */,
				FBE3549E2B4ABD5A00DC177B /* StorageManager.swift */,
			);
			path = Resources;
			sourceTree = "<group>";
		};
		FB12691C2B02099000CE482D /* Stroyboards */ = {
			isa = PBXGroup;
			children = (
				FB1DE2B82AFF81C700050355 /* Main.storyboard */,
				FB1DE2BD2AFF81C800050355 /* LaunchScreen.storyboard */,
			);
			path = Stroyboards;
			sourceTree = "<group>";
		};
		FB1269292B020C3E00CE482D /* Login */ = {
			isa = PBXGroup;
			children = (
				FB12691D2B020AA100CE482D /* LoginViewController.swift */,
				FB12691F2B020B4200CE482D /* RegisterViewController.swift */,
			);
			path = Login;
			sourceTree = "<group>";
		};
		FB1DE2A62AFF81C700050355 = {
			isa = PBXGroup;
			children = (
				FB1DE2B12AFF81C700050355 /* ChatsUp */,
				FB1DE2B02AFF81C700050355 /* Products */,
			);
			sourceTree = "<group>";
		};
		FB1DE2B02AFF81C700050355 /* Products */ = {
			isa = PBXGroup;
			children = (
				FB1DE2AF2AFF81C700050355 /* ChatsUp.app */,
			);
			name = Products;
			sourceTree = "<group>";
		};
		FB1DE2B12AFF81C700050355 /* ChatsUp */ = {
			isa = PBXGroup;
			children = (
				FB12691B2B02094E00CE482D /* Resources */,
				FB12691A2B02093800CE482D /* ViewModels */,
				FB1269192B02093200CE482D /* Models */,
				FB1269182B02092B00CE482D /* Views */,
				FB1269172B02091500CE482D /* Controllers */,
				FB1DE2C02AFF81C800050355 /* Info.plist */,
				FB0C5D402B47E46C00141EFC /* GoogleService-Info.plist */,
			);
			path = ChatsUp;
			sourceTree = "<group>";
		};
/* End PBXGroup section */

/* Begin PBXNativeTarget section */
		FB1DE2AE2AFF81C700050355 /* ChatsUp */ = {
			isa = PBXNativeTarget;
			buildConfigurationList = FB1DE2C32AFF81C800050355 /* Build configuration list for PBXNativeTarget "ChatsUp" */;
			buildPhases = (
				FB1DE2AB2AFF81C700050355 /* Sources */,
				FB1DE2AC2AFF81C700050355 /* Frameworks */,
				FB1DE2AD2AFF81C700050355 /* Resources */,
			);
			buildRules = (
			);
			dependencies = (
			);
			name = ChatsUp;
			packageProductDependencies = (
				FB1268E12B01FFA000CE482D /* FirebaseAnalytics */,
				FB1268E32B01FFA000CE482D /* FirebaseAnalyticsOnDeviceConversion */,
				FB1268E52B01FFA000CE482D /* FirebaseAnalyticsSwift */,
				FB1268E72B01FFA000CE482D /* FirebaseAnalyticsWithoutAdIdSupport */,
				FB1268E92B01FFA000CE482D /* FirebaseAppCheck */,
				FB1268EB2B01FFA000CE482D /* FirebaseAppDistribution-Beta */,
				FB1268ED2B01FFA000CE482D /* FirebaseAuth */,
				FB1268EF2B01FFA000CE482D /* FirebaseAuthCombine-Community */,
				FB1268F12B01FFA000CE482D /* FirebaseCrashlytics */,
				FB1268F32B01FFA000CE482D /* FirebaseDatabase */,
				FB1268F52B01FFA000CE482D /* FirebaseDatabaseSwift */,
				FB1268F72B01FFA000CE482D /* FirebaseDynamicLinks */,
				FB1268F92B01FFA000CE482D /* FirebaseFirestore */,
				FB1268FB2B01FFA000CE482D /* FirebaseFirestoreCombine-Community */,
				FB1268FD2B01FFA000CE482D /* FirebaseFirestoreSwift */,
				FB1268FF2B01FFA000CE482D /* FirebaseFunctions */,
				FB1269012B01FFA000CE482D /* FirebaseFunctionsCombine-Community */,
				FB1269032B01FFA000CE482D /* FirebaseInAppMessaging-Beta */,
				FB1269052B01FFA000CE482D /* FirebaseInAppMessagingSwift-Beta */,
				FB1269072B01FFA000CE482D /* FirebaseInstallations */,
				FB1269092B01FFA000CE482D /* FirebaseMLModelDownloader */,
				FB12690B2B01FFA000CE482D /* FirebaseMessaging */,
				FB12690D2B01FFA000CE482D /* FirebasePerformance */,
				FB12690F2B01FFA000CE482D /* FirebaseRemoteConfig */,
				FB1269112B01FFA000CE482D /* FirebaseRemoteConfigSwift */,
				FB1269132B01FFA000CE482D /* FirebaseStorage */,
				FB1269152B01FFA000CE482D /* FirebaseStorageCombine-Community */,
				FB0C5D432B48233500141EFC /* MessageKit */,
				FB0C5D492B48342300141EFC /* Realm */,
				FB0C5D4B2B48342300141EFC /* RealmSwift */,
				FB0C5D4E2B4839D700141EFC /* JGProgressHUD */,
				FB0C5D512B483ABC00141EFC /* SDWebImage */,
				FB0C5D532B483ABC00141EFC /* SDWebImageMapKit */,
			);
			productName = ChatsUp;
			productReference = FB1DE2AF2AFF81C700050355 /* ChatsUp.app */;
			productType = "com.apple.product-type.application";
		};
/* End PBXNativeTarget section */

/* Begin PBXProject section */
		FB1DE2A72AFF81C700050355 /* Project object */ = {
			isa = PBXProject;
			attributes = {
				BuildIndependentTargetsInParallel = 1;
				LastSwiftUpdateCheck = 1500;
				LastUpgradeCheck = 1500;
				TargetAttributes = {
					FB1DE2AE2AFF81C700050355 = {
						CreatedOnToolsVersion = 15.0;
					};
				};
			};
			buildConfigurationList = FB1DE2AA2AFF81C700050355 /* Build configuration list for PBXProject "ChatsUp" */;
			compatibilityVersion = "Xcode 14.0";
			developmentRegion = en;
			hasScannedForEncodings = 0;
			knownRegions = (
				en,
				Base,
			);
			mainGroup = FB1DE2A62AFF81C700050355;
			packageReferences = (
				FB1268E02B01FFA000CE482D /* XCRemoteSwiftPackageReference "firebase-ios-sdk" */,
				FB0C5D422B48233500141EFC /* XCRemoteSwiftPackageReference "MessageKit" */,
				FB0C5D482B48342300141EFC /* XCRemoteSwiftPackageReference "realm-swift" */,
				FB0C5D4D2B4839D700141EFC /* XCRemoteSwiftPackageReference "JGProgressHUD" */,
				FB0C5D502B483ABC00141EFC /* XCRemoteSwiftPackageReference "SDWebImage" */,
			);
			productRefGroup = FB1DE2B02AFF81C700050355 /* Products */;
			projectDirPath = "";
			projectRoot = "";
			targets = (
				FB1DE2AE2AFF81C700050355 /* ChatsUp */,
			);
		};
/* End PBXProject section */

/* Begin PBXResourcesBuildPhase section */
		FB1DE2AD2AFF81C700050355 /* Resources */ = {
			isa = PBXResourcesBuildPhase;
			buildActionMask = 2147483647;
			files = (
				FB1DE2BF2AFF81C800050355 /* LaunchScreen.storyboard in Resources */,
				FB0C5D412B47E46C00141EFC /* GoogleService-Info.plist in Resources */,
				FB1DE2BC2AFF81C800050355 /* Assets.xcassets in Resources */,
				FB1DE2BA2AFF81C700050355 /* Main.storyboard in Resources */,
			);
			runOnlyForDeploymentPostprocessing = 0;
		};
/* End PBXResourcesBuildPhase section */

/* Begin PBXSourcesBuildPhase section */
		FB1DE2AB2AFF81C700050355 /* Sources */ = {
			isa = PBXSourcesBuildPhase;
			buildActionMask = 2147483647;
			files = (
				FB12691E2B020AA100CE482D /* LoginViewController.swift in Sources */,
				FB4913C72BD004830045F55A /* NewConversationCell.swift in Sources */,
				FB4032AA2B2F8290008E50DE /* DatabaseManager.swift in Sources */,
				FB1269202B020B4200CE482D /* RegisterViewController.swift in Sources */,
				FB1269262B020B9200CE482D /* NewConversaitonViewController.swift in Sources */,
				FB1DE2B72AFF81C700050355 /* ConversationsViewController.swift in Sources */,
				FB1269242B020B7600CE482D /* VideoPlayerViewController.swift in Sources */,
				FB12692B2B021C8D00CE482D /* Extensions.swift in Sources */,
				FB1DE2B32AFF81C700050355 /* AppDelegate.swift in Sources */,
				FB1269282B020BAB00CE482D /* ProfileViewController.swift in Sources */,
				FB1DE2B52AFF81C700050355 /* SceneDelegate.swift in Sources */,
				FBE649E32B90896200AE3FA9 /* ConversationTableViewCell.swift in Sources */,
				FB0C5D562B48A35600141EFC /* ChatViewController.swift in Sources */,
				FB1269222B020B6600CE482D /* PhotoViewerViewController.swift in Sources */,
				FBE3549F2B4ABD5A00DC177B /* StorageManager.swift in Sources */,
				FBE059B22BFE00420097A15A /* LocationPickerViewController.swift in Sources */,
			);
			runOnlyForDeploymentPostprocessing = 0;
		};
/* End PBXSourcesBuildPhase section */

/* Begin PBXVariantGroup section */
		FB1DE2B82AFF81C700050355 /* Main.storyboard */ = {
			isa = PBXVariantGroup;
			children = (
				FB1DE2B92AFF81C700050355 /* Base */,
			);
			name = Main.storyboard;
			sourceTree = "<group>";
		};
		FB1DE2BD2AFF81C800050355 /* LaunchScreen.storyboard */ = {
			isa = PBXVariantGroup;
			children = (
				FB1DE2BE2AFF81C800050355 /* Base */,
			);
			name = LaunchScreen.storyboard;
			sourceTree = "<group>";
		};
/* End PBXVariantGroup section */

/* Begin XCBuildConfiguration section */
		FB1DE2C12AFF81C800050355 /* Debug */ = {
			isa = XCBuildConfiguration;
			buildSettings = {
				ALWAYS_SEARCH_USER_PATHS = NO;
				ASSETCATALOG_COMPILER_GENERATE_SWIFT_ASSET_SYMBOL_EXTENSIONS = YES;
				CLANG_ANALYZER_NONNULL = YES;
				CLANG_ANALYZER_NUMBER_OBJECT_CONVERSION = YES_AGGRESSIVE;
				CLANG_CXX_LANGUAGE_STANDARD = "gnu++20";
				CLANG_ENABLE_MODULES = YES;
				CLANG_ENABLE_OBJC_ARC = YES;
				CLANG_ENABLE_OBJC_WEAK = YES;
				CLANG_WARN_BLOCK_CAPTURE_AUTORELEASING = YES;
				CLANG_WARN_BOOL_CONVERSION = YES;
				CLANG_WARN_COMMA = YES;
				CLANG_WARN_CONSTANT_CONVERSION = YES;
				CLANG_WARN_DEPRECATED_OBJC_IMPLEMENTATIONS = YES;
				CLANG_WARN_DIRECT_OBJC_ISA_USAGE = YES_ERROR;
				CLANG_WARN_DOCUMENTATION_COMMENTS = YES;
				CLANG_WARN_EMPTY_BODY = YES;
				CLANG_WARN_ENUM_CONVERSION = YES;
				CLANG_WARN_INFINITE_RECURSION = YES;
				CLANG_WARN_INT_CONVERSION = YES;
				CLANG_WARN_NON_LITERAL_NULL_CONVERSION = YES;
				CLANG_WARN_OBJC_IMPLICIT_RETAIN_SELF = YES;
				CLANG_WARN_OBJC_LITERAL_CONVERSION = YES;
				CLANG_WARN_OBJC_ROOT_CLASS = YES_ERROR;
				CLANG_WARN_QUOTED_INCLUDE_IN_FRAMEWORK_HEADER = YES;
				CLANG_WARN_RANGE_LOOP_ANALYSIS = YES;
				CLANG_WARN_STRICT_PROTOTYPES = YES;
				CLANG_WARN_SUSPICIOUS_MOVE = YES;
				CLANG_WARN_UNGUARDED_AVAILABILITY = YES_AGGRESSIVE;
				CLANG_WARN_UNREACHABLE_CODE = YES;
				CLANG_WARN__DUPLICATE_METHOD_MATCH = YES;
				COPY_PHASE_STRIP = NO;
				DEBUG_INFORMATION_FORMAT = dwarf;
				ENABLE_STRICT_OBJC_MSGSEND = YES;
				ENABLE_TESTABILITY = YES;
				ENABLE_USER_SCRIPT_SANDBOXING = YES;
				GCC_C_LANGUAGE_STANDARD = gnu17;
				GCC_DYNAMIC_NO_PIC = NO;
				GCC_NO_COMMON_BLOCKS = YES;
				GCC_OPTIMIZATION_LEVEL = 0;
				GCC_PREPROCESSOR_DEFINITIONS = (
					"DEBUG=1",
					"$(inherited)",
				);
				GCC_WARN_64_TO_32_BIT_CONVERSION = YES;
				GCC_WARN_ABOUT_RETURN_TYPE = YES_ERROR;
				GCC_WARN_UNDECLARED_SELECTOR = YES;
				GCC_WARN_UNINITIALIZED_AUTOS = YES_AGGRESSIVE;
				GCC_WARN_UNUSED_FUNCTION = YES;
				GCC_WARN_UNUSED_VARIABLE = YES;
				IPHONEOS_DEPLOYMENT_TARGET = 15.2;
				LOCALIZATION_PREFERS_STRING_CATALOGS = YES;
				MTL_ENABLE_DEBUG_INFO = INCLUDE_SOURCE;
				MTL_FAST_MATH = YES;
				ONLY_ACTIVE_ARCH = YES;
				SDKROOT = iphoneos;
				SWIFT_ACTIVE_COMPILATION_CONDITIONS = "DEBUG $(inherited)";
				SWIFT_OPTIMIZATION_LEVEL = "-Onone";
			};
			name = Debug;
		};
		FB1DE2C22AFF81C800050355 /* Release */ = {
			isa = XCBuildConfiguration;
			buildSettings = {
				ALWAYS_SEARCH_USER_PATHS = NO;
				ASSETCATALOG_COMPILER_GENERATE_SWIFT_ASSET_SYMBOL_EXTENSIONS = YES;
				CLANG_ANALYZER_NONNULL = YES;
				CLANG_ANALYZER_NUMBER_OBJECT_CONVERSION = YES_AGGRESSIVE;
				CLANG_CXX_LANGUAGE_STANDARD = "gnu++20";
				CLANG_ENABLE_MODULES = YES;
				CLANG_ENABLE_OBJC_ARC = YES;
				CLANG_ENABLE_OBJC_WEAK = YES;
				CLANG_WARN_BLOCK_CAPTURE_AUTORELEASING = YES;
				CLANG_WARN_BOOL_CONVERSION = YES;
				CLANG_WARN_COMMA = YES;
				CLANG_WARN_CONSTANT_CONVERSION = YES;
				CLANG_WARN_DEPRECATED_OBJC_IMPLEMENTATIONS = YES;
				CLANG_WARN_DIRECT_OBJC_ISA_USAGE = YES_ERROR;
				CLANG_WARN_DOCUMENTATION_COMMENTS = YES;
				CLANG_WARN_EMPTY_BODY = YES;
				CLANG_WARN_ENUM_CONVERSION = YES;
				CLANG_WARN_INFINITE_RECURSION = YES;
				CLANG_WARN_INT_CONVERSION = YES;
				CLANG_WARN_NON_LITERAL_NULL_CONVERSION = YES;
				CLANG_WARN_OBJC_IMPLICIT_RETAIN_SELF = YES;
				CLANG_WARN_OBJC_LITERAL_CONVERSION = YES;
				CLANG_WARN_OBJC_ROOT_CLASS = YES_ERROR;
				CLANG_WARN_QUOTED_INCLUDE_IN_FRAMEWORK_HEADER = YES;
				CLANG_WARN_RANGE_LOOP_ANALYSIS = YES;
				CLANG_WARN_STRICT_PROTOTYPES = YES;
				CLANG_WARN_SUSPICIOUS_MOVE = YES;
				CLANG_WARN_UNGUARDED_AVAILABILITY = YES_AGGRESSIVE;
				CLANG_WARN_UNREACHABLE_CODE = YES;
				CLANG_WARN__DUPLICATE_METHOD_MATCH = YES;
				COPY_PHASE_STRIP = NO;
				DEBUG_INFORMATION_FORMAT = "dwarf-with-dsym";
				ENABLE_NS_ASSERTIONS = NO;
				ENABLE_STRICT_OBJC_MSGSEND = YES;
				ENABLE_USER_SCRIPT_SANDBOXING = YES;
				GCC_C_LANGUAGE_STANDARD = gnu17;
				GCC_NO_COMMON_BLOCKS = YES;
				GCC_WARN_64_TO_32_BIT_CONVERSION = YES;
				GCC_WARN_ABOUT_RETURN_TYPE = YES_ERROR;
				GCC_WARN_UNDECLARED_SELECTOR = YES;
				GCC_WARN_UNINITIALIZED_AUTOS = YES_AGGRESSIVE;
				GCC_WARN_UNUSED_FUNCTION = YES;
				GCC_WARN_UNUSED_VARIABLE = YES;
				IPHONEOS_DEPLOYMENT_TARGET = 15.2;
				LOCALIZATION_PREFERS_STRING_CATALOGS = YES;
				MTL_ENABLE_DEBUG_INFO = NO;
				MTL_FAST_MATH = YES;
				SDKROOT = iphoneos;
				SWIFT_COMPILATION_MODE = wholemodule;
				VALIDATE_PRODUCT = YES;
			};
			name = Release;
		};
		FB1DE2C42AFF81C800050355 /* Debug */ = {
			isa = XCBuildConfiguration;
			buildSettings = {
				ASSETCATALOG_COMPILER_APPICON_NAME = AppIcon;
				ASSETCATALOG_COMPILER_GLOBAL_ACCENT_COLOR_NAME = AccentColor;
				CODE_SIGN_STYLE = Automatic;
				CURRENT_PROJECT_VERSION = 1;
				DEVELOPMENT_TEAM = S7G5FNQYKY;
				GENERATE_INFOPLIST_FILE = YES;
				INFOPLIST_FILE = ChatsUp/Info.plist;
				INFOPLIST_KEY_NSCameraUsageDescription = "Please allow access to take a profile picture";
				INFOPLIST_KEY_NSPhotoLibraryUsageDescription = "Please allow access to select a photo for your profile";
				INFOPLIST_KEY_UIApplicationSupportsIndirectInputEvents = YES;
				INFOPLIST_KEY_UILaunchStoryboardName = LaunchScreen;
				INFOPLIST_KEY_UIMainStoryboardFile = Main;
				INFOPLIST_KEY_UISupportedInterfaceOrientations_iPad = "UIInterfaceOrientationPortrait UIInterfaceOrientationPortraitUpsideDown UIInterfaceOrientationLandscapeLeft UIInterfaceOrientationLandscapeRight";
				INFOPLIST_KEY_UISupportedInterfaceOrientations_iPhone = "UIInterfaceOrientationPortrait UIInterfaceOrientationLandscapeLeft UIInterfaceOrientationLandscapeRight";
				LD_RUNPATH_SEARCH_PATHS = (
					"$(inherited)",
					"@executable_path/Frameworks",
				);
				MARKETING_VERSION = 1.0;
				PRODUCT_BUNDLE_IDENTIFIER = com.tahiratakancan.ChatsUp;
				PRODUCT_NAME = "$(TARGET_NAME)";
				SWIFT_EMIT_LOC_STRINGS = YES;
				SWIFT_VERSION = 5.0;
				TARGETED_DEVICE_FAMILY = "1,2";
			};
			name = Debug;
		};
		FB1DE2C52AFF81C800050355 /* Release */ = {
			isa = XCBuildConfiguration;
			buildSettings = {
				ASSETCATALOG_COMPILER_APPICON_NAME = AppIcon;
				ASSETCATALOG_COMPILER_GLOBAL_ACCENT_COLOR_NAME = AccentColor;
				CODE_SIGN_STYLE = Automatic;
				CURRENT_PROJECT_VERSION = 1;
				DEVELOPMENT_TEAM = S7G5FNQYKY;
				GENERATE_INFOPLIST_FILE = YES;
				INFOPLIST_FILE = ChatsUp/Info.plist;
				INFOPLIST_KEY_NSCameraUsageDescription = "Please allow access to take a profile picture";
				INFOPLIST_KEY_NSPhotoLibraryUsageDescription = "Please allow access to select a photo for your profile";
				INFOPLIST_KEY_UIApplicationSupportsIndirectInputEvents = YES;
				INFOPLIST_KEY_UILaunchStoryboardName = LaunchScreen;
				INFOPLIST_KEY_UIMainStoryboardFile = Main;
				INFOPLIST_KEY_UISupportedInterfaceOrientations_iPad = "UIInterfaceOrientationPortrait UIInterfaceOrientationPortraitUpsideDown UIInterfaceOrientationLandscapeLeft UIInterfaceOrientationLandscapeRight";
				INFOPLIST_KEY_UISupportedInterfaceOrientations_iPhone = "UIInterfaceOrientationPortrait UIInterfaceOrientationLandscapeLeft UIInterfaceOrientationLandscapeRight";
				LD_RUNPATH_SEARCH_PATHS = (
					"$(inherited)",
					"@executable_path/Frameworks",
				);
				MARKETING_VERSION = 1.0;
				PRODUCT_BUNDLE_IDENTIFIER = com.tahiratakancan.ChatsUp;
				PRODUCT_NAME = "$(TARGET_NAME)";
				SWIFT_EMIT_LOC_STRINGS = YES;
				SWIFT_VERSION = 5.0;
				TARGETED_DEVICE_FAMILY = "1,2";
			};
			name = Release;
		};
/* End XCBuildConfiguration section */

/* Begin XCConfigurationList section */
		FB1DE2AA2AFF81C700050355 /* Build configuration list for PBXProject "ChatsUp" */ = {
			isa = XCConfigurationList;
			buildConfigurations = (
				FB1DE2C12AFF81C800050355 /* Debug */,
				FB1DE2C22AFF81C800050355 /* Release */,
			);
			defaultConfigurationIsVisible = 0;
			defaultConfigurationName = Release;
		};
		FB1DE2C32AFF81C800050355 /* Build configuration list for PBXNativeTarget "ChatsUp" */ = {
			isa = XCConfigurationList;
			buildConfigurations = (
				FB1DE2C42AFF81C800050355 /* Debug */,
				FB1DE2C52AFF81C800050355 /* Release */,
			);
			defaultConfigurationIsVisible = 0;
			defaultConfigurationName = Release;
		};
/* End XCConfigurationList section */

/* Begin XCRemoteSwiftPackageReference section */
		FB0C5D422B48233500141EFC /* XCRemoteSwiftPackageReference "MessageKit" */ = {
			isa = XCRemoteSwiftPackageReference;
			repositoryURL = "https://github.com/MessageKit/MessageKit.git";
			requirement = {
				kind = upToNextMajorVersion;
				minimumVersion = 4.2.0;
			};
		};
		FB0C5D482B48342300141EFC /* XCRemoteSwiftPackageReference "realm-swift" */ = {
			isa = XCRemoteSwiftPackageReference;
			repositoryURL = "https://github.com/realm/realm-swift";
			requirement = {
				branch = master;
				kind = branch;
			};
		};
		FB0C5D4D2B4839D700141EFC /* XCRemoteSwiftPackageReference "JGProgressHUD" */ = {
			isa = XCRemoteSwiftPackageReference;
			repositoryURL = "https://github.com/JonasGessner/JGProgressHUD.git";
			requirement = {
				kind = upToNextMajorVersion;
				minimumVersion = 2.2.0;
			};
		};
		FB0C5D502B483ABC00141EFC /* XCRemoteSwiftPackageReference "SDWebImage" */ = {
			isa = XCRemoteSwiftPackageReference;
			repositoryURL = "https://github.com/SDWebImage/SDWebImage.git";
			requirement = {
				kind = upToNextMajorVersion;
				minimumVersion = 5.18.8;
			};
		};
		FB1268E02B01FFA000CE482D /* XCRemoteSwiftPackageReference "firebase-ios-sdk" */ = {
			isa = XCRemoteSwiftPackageReference;
			repositoryURL = "https://github.com/firebase/firebase-ios-sdk.git";
			requirement = {
				kind = upToNextMajorVersion;
				minimumVersion = 10.17.0;
			};
		};
/* End XCRemoteSwiftPackageReference section */

/* Begin XCSwiftPackageProductDependency section */
		FB0C5D432B48233500141EFC /* MessageKit */ = {
			isa = XCSwiftPackageProductDependency;
			package = FB0C5D422B48233500141EFC /* XCRemoteSwiftPackageReference "MessageKit" */;
			productName = MessageKit;
		};
		FB0C5D492B48342300141EFC /* Realm */ = {
			isa = XCSwiftPackageProductDependency;
			package = FB0C5D482B48342300141EFC /* XCRemoteSwiftPackageReference "realm-swift" */;
			productName = Realm;
		};
		FB0C5D4B2B48342300141EFC /* RealmSwift */ = {
			isa = XCSwiftPackageProductDependency;
			package = FB0C5D482B48342300141EFC /* XCRemoteSwiftPackageReference "realm-swift" */;
			productName = RealmSwift;
		};
		FB0C5D4E2B4839D700141EFC /* JGProgressHUD */ = {
			isa = XCSwiftPackageProductDependency;
			package = FB0C5D4D2B4839D700141EFC /* XCRemoteSwiftPackageReference "JGProgressHUD" */;
			productName = JGProgressHUD;
		};
		FB0C5D512B483ABC00141EFC /* SDWebImage */ = {
			isa = XCSwiftPackageProductDependency;
			package = FB0C5D502B483ABC00141EFC /* XCRemoteSwiftPackageReference "SDWebImage" */;
			productName = SDWebImage;
		};
		FB0C5D532B483ABC00141EFC /* SDWebImageMapKit */ = {
			isa = XCSwiftPackageProductDependency;
			package = FB0C5D502B483ABC00141EFC /* XCRemoteSwiftPackageReference "SDWebImage" */;
			productName = SDWebImageMapKit;
		};
		FB1268E12B01FFA000CE482D /* FirebaseAnalytics */ = {
			isa = XCSwiftPackageProductDependency;
			package = FB1268E02B01FFA000CE482D /* XCRemoteSwiftPackageReference "firebase-ios-sdk" */;
			productName = FirebaseAnalytics;
		};
		FB1268E32B01FFA000CE482D /* FirebaseAnalyticsOnDeviceConversion */ = {
			isa = XCSwiftPackageProductDependency;
			package = FB1268E02B01FFA000CE482D /* XCRemoteSwiftPackageReference "firebase-ios-sdk" */;
			productName = FirebaseAnalyticsOnDeviceConversion;
		};
		FB1268E52B01FFA000CE482D /* FirebaseAnalyticsSwift */ = {
			isa = XCSwiftPackageProductDependency;
			package = FB1268E02B01FFA000CE482D /* XCRemoteSwiftPackageReference "firebase-ios-sdk" */;
			productName = FirebaseAnalyticsSwift;
		};
		FB1268E72B01FFA000CE482D /* FirebaseAnalyticsWithoutAdIdSupport */ = {
			isa = XCSwiftPackageProductDependency;
			package = FB1268E02B01FFA000CE482D /* XCRemoteSwiftPackageReference "firebase-ios-sdk" */;
			productName = FirebaseAnalyticsWithoutAdIdSupport;
		};
		FB1268E92B01FFA000CE482D /* FirebaseAppCheck */ = {
			isa = XCSwiftPackageProductDependency;
			package = FB1268E02B01FFA000CE482D /* XCRemoteSwiftPackageReference "firebase-ios-sdk" */;
			productName = FirebaseAppCheck;
		};
		FB1268EB2B01FFA000CE482D /* FirebaseAppDistribution-Beta */ = {
			isa = XCSwiftPackageProductDependency;
			package = FB1268E02B01FFA000CE482D /* XCRemoteSwiftPackageReference "firebase-ios-sdk" */;
			productName = "FirebaseAppDistribution-Beta";
		};
		FB1268ED2B01FFA000CE482D /* FirebaseAuth */ = {
			isa = XCSwiftPackageProductDependency;
			package = FB1268E02B01FFA000CE482D /* XCRemoteSwiftPackageReference "firebase-ios-sdk" */;
			productName = FirebaseAuth;
		};
		FB1268EF2B01FFA000CE482D /* FirebaseAuthCombine-Community */ = {
			isa = XCSwiftPackageProductDependency;
			package = FB1268E02B01FFA000CE482D /* XCRemoteSwiftPackageReference "firebase-ios-sdk" */;
			productName = "FirebaseAuthCombine-Community";
		};
		FB1268F12B01FFA000CE482D /* FirebaseCrashlytics */ = {
			isa = XCSwiftPackageProductDependency;
			package = FB1268E02B01FFA000CE482D /* XCRemoteSwiftPackageReference "firebase-ios-sdk" */;
			productName = FirebaseCrashlytics;
		};
		FB1268F32B01FFA000CE482D /* FirebaseDatabase */ = {
			isa = XCSwiftPackageProductDependency;
			package = FB1268E02B01FFA000CE482D /* XCRemoteSwiftPackageReference "firebase-ios-sdk" */;
			productName = FirebaseDatabase;
		};
		FB1268F52B01FFA000CE482D /* FirebaseDatabaseSwift */ = {
			isa = XCSwiftPackageProductDependency;
			package = FB1268E02B01FFA000CE482D /* XCRemoteSwiftPackageReference "firebase-ios-sdk" */;
			productName = FirebaseDatabaseSwift;
		};
		FB1268F72B01FFA000CE482D /* FirebaseDynamicLinks */ = {
			isa = XCSwiftPackageProductDependency;
			package = FB1268E02B01FFA000CE482D /* XCRemoteSwiftPackageReference "firebase-ios-sdk" */;
			productName = FirebaseDynamicLinks;
		};
		FB1268F92B01FFA000CE482D /* FirebaseFirestore */ = {
			isa = XCSwiftPackageProductDependency;
			package = FB1268E02B01FFA000CE482D /* XCRemoteSwiftPackageReference "firebase-ios-sdk" */;
			productName = FirebaseFirestore;
		};
		FB1268FB2B01FFA000CE482D /* FirebaseFirestoreCombine-Community */ = {
			isa = XCSwiftPackageProductDependency;
			package = FB1268E02B01FFA000CE482D /* XCRemoteSwiftPackageReference "firebase-ios-sdk" */;
			productName = "FirebaseFirestoreCombine-Community";
		};
		FB1268FD2B01FFA000CE482D /* FirebaseFirestoreSwift */ = {
			isa = XCSwiftPackageProductDependency;
			package = FB1268E02B01FFA000CE482D /* XCRemoteSwiftPackageReference "firebase-ios-sdk" */;
			productName = FirebaseFirestoreSwift;
		};
		FB1268FF2B01FFA000CE482D /* FirebaseFunctions */ = {
			isa = XCSwiftPackageProductDependency;
			package = FB1268E02B01FFA000CE482D /* XCRemoteSwiftPackageReference "firebase-ios-sdk" */;
			productName = FirebaseFunctions;
		};
		FB1269012B01FFA000CE482D /* FirebaseFunctionsCombine-Community */ = {
			isa = XCSwiftPackageProductDependency;
			package = FB1268E02B01FFA000CE482D /* XCRemoteSwiftPackageReference "firebase-ios-sdk" */;
			productName = "FirebaseFunctionsCombine-Community";
		};
		FB1269032B01FFA000CE482D /* FirebaseInAppMessaging-Beta */ = {
			isa = XCSwiftPackageProductDependency;
			package = FB1268E02B01FFA000CE482D /* XCRemoteSwiftPackageReference "firebase-ios-sdk" */;
			productName = "FirebaseInAppMessaging-Beta";
		};
		FB1269052B01FFA000CE482D /* FirebaseInAppMessagingSwift-Beta */ = {
			isa = XCSwiftPackageProductDependency;
			package = FB1268E02B01FFA000CE482D /* XCRemoteSwiftPackageReference "firebase-ios-sdk" */;
			productName = "FirebaseInAppMessagingSwift-Beta";
		};
		FB1269072B01FFA000CE482D /* FirebaseInstallations */ = {
			isa = XCSwiftPackageProductDependency;
			package = FB1268E02B01FFA000CE482D /* XCRemoteSwiftPackageReference "firebase-ios-sdk" */;
			productName = FirebaseInstallations;
		};
		FB1269092B01FFA000CE482D /* FirebaseMLModelDownloader */ = {
			isa = XCSwiftPackageProductDependency;
			package = FB1268E02B01FFA000CE482D /* XCRemoteSwiftPackageReference "firebase-ios-sdk" */;
			productName = FirebaseMLModelDownloader;
		};
		FB12690B2B01FFA000CE482D /* FirebaseMessaging */ = {
			isa = XCSwiftPackageProductDependency;
			package = FB1268E02B01FFA000CE482D /* XCRemoteSwiftPackageReference "firebase-ios-sdk" */;
			productName = FirebaseMessaging;
		};
		FB12690D2B01FFA000CE482D /* FirebasePerformance */ = {
			isa = XCSwiftPackageProductDependency;
			package = FB1268E02B01FFA000CE482D /* XCRemoteSwiftPackageReference "firebase-ios-sdk" */;
			productName = FirebasePerformance;
		};
		FB12690F2B01FFA000CE482D /* FirebaseRemoteConfig */ = {
			isa = XCSwiftPackageProductDependency;
			package = FB1268E02B01FFA000CE482D /* XCRemoteSwiftPackageReference "firebase-ios-sdk" */;
			productName = FirebaseRemoteConfig;
		};
		FB1269112B01FFA000CE482D /* FirebaseRemoteConfigSwift */ = {
			isa = XCSwiftPackageProductDependency;
			package = FB1268E02B01FFA000CE482D /* XCRemoteSwiftPackageReference "firebase-ios-sdk" */;
			productName = FirebaseRemoteConfigSwift;
		};
		FB1269132B01FFA000CE482D /* FirebaseStorage */ = {
			isa = XCSwiftPackageProductDependency;
			package = FB1268E02B01FFA000CE482D /* XCRemoteSwiftPackageReference "firebase-ios-sdk" */;
			productName = FirebaseStorage;
		};
		FB1269152B01FFA000CE482D /* FirebaseStorageCombine-Community */ = {
			isa = XCSwiftPackageProductDependency;
			package = FB1268E02B01FFA000CE482D /* XCRemoteSwiftPackageReference "firebase-ios-sdk" */;
			productName = "FirebaseStorageCombine-Community";
		};
/* End XCSwiftPackageProductDependency section */
	};
	rootObject = FB1DE2A72AFF81C700050355 /* Project object */;
}
